
Microsoft Visual Studio Solution File, Format Version 12.00
Project("{FAE04EC0-301F-11D3-BF4B-00C04F79EFBC}") = "FunctionalList", "FunctionalList\FunctionalList.csproj", "{9FCFE45F-DDDF-4FEE-839B-6287DB68AE8D}"
EndProject
Project("{FAE04EC0-301F-11D3-BF4B-00C04F79EFBC}") = "LazyEnumerable", "LazyEnumerable\LazyEnumerable.csproj", "{60C11449-E285-4F7D-AEA5-F3DC4F56A4B7}"
EndProject
Project("{FAE04EC0-301F-11D3-BF4B-00C04F79EFBC}") = "Runner", "Runner\Runner.csproj", "{EE667118-A6CC-4464-B45F-63660EE74B25}"
EndProject
Global
	GlobalSection(SolutionConfigurationPlatforms) = preSolution
		Debug|Any CPU = Debug|Any CPU
		Release|Any CPU = Release|Any CPU
	EndGlobalSection
	GlobalSection(ProjectConfigurationPlatforms) = postSolution
		{9FCFE45F-DDDF-4FEE-839B-6287DB68AE8D}.Debug|Any CPU.ActiveCfg = Debug|Any CPU
		{9FCFE45F-DDDF-4FEE-839B-6287DB68AE8D}.Debug|Any CPU.Build.0 = Debug|Any CPU
		{9FCFE45F-DDDF-4FEE-839B-6287DB68AE8D}.Release|Any CPU.ActiveCfg = Release|Any CPU
		{9FCFE45F-DDDF-4FEE-839B-6287DB68AE8D}.Release|Any CPU.Build.0 = Release|Any CPU
		{60C11449-E285-4F7D-AEA5-F3DC4F56A4B7}.Debug|Any CPU.ActiveCfg = Debug|Any CPU
		{60C11449-E285-4F7D-AEA5-F3DC4F56A4B7}.Debug|Any CPU.Build.0 = Debug|Any CPU
		{60C11449-E285-4F7D-AEA5-F3DC4F56A4B7}.Release|Any CPU.ActiveCfg = Release|Any CPU
		{60C11449-E285-4F7D-AEA5-F3DC4F56A4B7}.Release|Any CPU.Build.0 = Release|Any CPU
		{EE667118-A6CC-4464-B45F-63660EE74B25}.Debug|Any CPU.ActiveCfg = Debug|Any CPU
		{EE667118-A6CC-4464-B45F-63660EE74B25}.Debug|Any CPU.Build.0 = Debug|Any CPU
		{EE667118-A6CC-4464-B45F-63660EE74B25}.Release|Any CPU.ActiveCfg = Release|Any CPU
		{EE667118-A6CC-4464-B45F-63660EE74B25}.Release|Any CPU.Build.0 = Release|Any CPU
	EndGlobalSection
EndGlobal
